
Microsoft Visual Studio Solution File, Format Version 12.00
# Visual Studio 15
VisualStudioVersion = 15.0.27703.2042
MinimumVisualStudioVersion = 10.0.40219.1
Project("{FAE04EC0-301F-11D3-BF4B-00C04F79EFBC}") = "Bomberman2", "Bomberman2\Bomberman2.csproj", "{B01F9E7A-6141-45F5-8E5B-882A321C2935}"
EndProject
Global
	GlobalSection(SolutionConfigurationPlatforms) = preSolution
		Debug|Any CPU = Debug|Any CPU
		Release|Any CPU = Release|Any CPU
	EndGlobalSection
	GlobalSection(ProjectConfigurationPlatforms) = postSolution
		{B01F9E7A-6141-45F5-8E5B-882A321C2935}.Debug|Any CPU.ActiveCfg = Debug|Any CPU
		{B01F9E7A-6141-45F5-8E5B-882A321C2935}.Debug|Any CPU.Build.0 = Debug|Any CPU
		{B01F9E7A-6141-45F5-8E5B-882A321C2935}.Release|Any CPU.ActiveCfg = Release|Any CPU
		{B01F9E7A-6141-45F5-8E5B-882A321C2935}.Release|Any CPU.Build.0 = Release|Any CPU
	EndGlobalSection
	GlobalSection(SolutionProperties) = preSolution
		HideSolutionNode = FALSE
	EndGlobalSection
	GlobalSection(ExtensibilityGlobals) = postSolution
		SolutionGuid = {EED3576D-3D74-46DF-8263-8093FF3FDBB5}
	EndGlobalSection
EndGlobal
